
Microsoft Visual Studio Solution File, Format Version 12.00
# Visual Studio Version 17
VisualStudioVersion = 17.5.002.0
MinimumVisualStudioVersion = 10.0.40219.1
Project("{9A19103F-16F7-4668-BE54-9A1E7A4F7556}") = "tl1-tp6-2024-franleccese11", "tl1-tp6-2024-franleccese11.csproj", "{81AC4980-0930-41CF-8729-998C83656DD1}"
EndProject
Global
	GlobalSection(SolutionConfigurationPlatforms) = preSolution
		Debug|Any CPU = Debug|Any CPU
		Release|Any CPU = Release|Any CPU
	EndGlobalSection
	GlobalSection(ProjectConfigurationPlatforms) = postSolution
		{81AC4980-0930-41CF-8729-998C83656DD1}.Debug|Any CPU.ActiveCfg = Debug|Any CPU
		{81AC4980-0930-41CF-8729-998C83656DD1}.Debug|Any CPU.Build.0 = Debug|Any CPU
		{81AC4980-0930-41CF-8729-998C83656DD1}.Release|Any CPU.ActiveCfg = Release|Any CPU
		{81AC4980-0930-41CF-8729-998C83656DD1}.Release|Any CPU.Build.0 = Release|Any CPU
	EndGlobalSection
	GlobalSection(SolutionProperties) = preSolution
		HideSolutionNode = FALSE
	EndGlobalSection
	GlobalSection(ExtensibilityGlobals) = postSolution
		SolutionGuid = {BBA5E49C-6405-47A3-BB7B-AC8A5D57C0BD}
	EndGlobalSection
EndGlobal
